# This file is autogenerated, do not edit; changes may be undone by the next 'dep ensure'.


[[projects]]
  branch = "master"
  name = "github.com/golang/glog"
  packages = ["."]
  revision = "23def4e6c14b4da8ac2ed8007337bc5eb5007998"

[[projects]]
  branch = "master"
  name = "github.com/golang/protobuf"
  packages = ["proto","protoc-gen-go","protoc-gen-go/descriptor","protoc-gen-go/generator","protoc-gen-go/grpc","protoc-gen-go/plugin"]
  revision = "1e59b77b52bf8e4b449a57e6f79f21226d571845"

[[projects]]
  name = "github.com/grpc-ecosystem/grpc-gateway"
  packages = ["protoc-gen-grpc-gateway","protoc-gen-grpc-gateway/descriptor","protoc-gen-grpc-gateway/generator","protoc-gen-grpc-gateway/gengateway","protoc-gen-grpc-gateway/httprule","utilities"]
  revision = "8cc3a55af3bcf171a1c23a90c4df9cf591706104"
  version = "v1.3"

[[projects]]
  branch = "master"
  name = "google.golang.org/genproto"
  packages = ["googleapis/api/annotations"]
  revision = "a8101f21cf983e773d0c1133ebc5424792003214"

[solve-meta]
  analyzer-name = "dep"
  analyzer-version = 1
  inputs-digest = "d08f2711240b109d9ee6efe037798da23085db66b571c10ec819f3ab3d895c3a"
  solver-name = "gps-cdcl"
  solver-version = 1
